
Microsoft Visual Studio Solution File, Format Version 12.00
# Visual Studio Version 16
VisualStudioVersion = 16.0.29709.97
MinimumVisualStudioVersion = 10.0.40219.1
Project("{FAE04EC0-301F-11D3-BF4B-00C04F79EFBC}") = "Capstone_Tasklist_Refactored", "Capstone_Tasklist_Refactored\Capstone_Tasklist_Refactored.csproj", "{A05E9602-353F-4C94-BADA-479D6FA7161A}"
EndProject
Global
	GlobalSection(SolutionConfigurationPlatforms) = preSolution
		Debug|Any CPU = Debug|Any CPU
		Release|Any CPU = Release|Any CPU
	EndGlobalSection
	GlobalSection(ProjectConfigurationPlatforms) = postSolution
		{A05E9602-353F-4C94-BADA-479D6FA7161A}.Debug|Any CPU.ActiveCfg = Debug|Any CPU
		{A05E9602-353F-4C94-BADA-479D6FA7161A}.Debug|Any CPU.Build.0 = Debug|Any CPU
		{A05E9602-353F-4C94-BADA-479D6FA7161A}.Release|Any CPU.ActiveCfg = Release|Any CPU
		{A05E9602-353F-4C94-BADA-479D6FA7161A}.Release|Any CPU.Build.0 = Release|Any CPU
	EndGlobalSection
	GlobalSection(SolutionProperties) = preSolution
		HideSolutionNode = FALSE
	EndGlobalSection
	GlobalSection(ExtensibilityGlobals) = postSolution
		SolutionGuid = {AACF527B-E094-45FC-97A9-687D03F17A52}
	EndGlobalSection
EndGlobal
